
Microsoft Visual Studio Solution File, Format Version 12.00
# Visual Studio 15
VisualStudioVersion = 15.0.27130.2024
MinimumVisualStudioVersion = 10.0.40219.1
Project("{2150E333-8FDC-42A3-9474-1A3956D46DE8}") = "Services", "Services", "{D2F04E86-0C7A-4FD9-B0CF-3AD0863A97D3}"
EndProject
Project("{FAE04EC0-301F-11D3-BF4B-00C04F79EFBC}") = "iBank.Services.Implementation", "iBank.Services.Implementation\iBank.Services.Implementation.csproj", "{123A9EF3-72AD-4489-A3C0-9B61BB746990}"
EndProject
Project("{FAE04EC0-301F-11D3-BF4B-00C04F79EFBC}") = "_ExternalComponents", "_ExternalComponents\_ExternalComponents.csproj", "{0EB58184-5A37-40BE-9454-040657F1DCFA}"
EndProject
Project("{FAE04EC0-301F-11D3-BF4B-00C04F79EFBC}") = "iBank.ReportServer", "iBank.Client\iBank.ReportServer.csproj", "{F4391A53-DA71-4086-8112-AB8114F14739}"
EndProject
Project("{2150E333-8FDC-42A3-9474-1A3956D46DE8}") = "Testing", "Testing", "{AA1FA866-FC29-4C89-B64B-406E205E8184}"
	ProjectSection(SolutionItems) = preProject
		Local.testsettings = Local.testsettings
	EndProjectSection
EndProject
Project("{FAE04EC0-301F-11D3-BF4B-00C04F79EFBC}") = "iBank.UnitTesting", "iBank.UnitTesting\iBank.UnitTesting.csproj", "{92A60149-F808-4E2F-9806-49A05560F8CC}"
EndProject
Project("{FAE04EC0-301F-11D3-BF4B-00C04F79EFBC}") = "UserDefinedReports", "UserDefinedReports\UserDefinedReports.csproj", "{DEA0990D-67B5-4924-B9E6-7F59735D9C90}"
EndProject
Project("{2150E333-8FDC-42A3-9474-1A3956D46DE8}") = "Solution Items", "Solution Items", "{B22F042D-351C-4251-9F9A-04A3C37D0166}"
	ProjectSection(SolutionItems) = preProject
		.tfignore = .tfignore
		Local.testsettings = Local.testsettings
		Performance1.psess = Performance1.psess
	EndProjectSection
EndProject
Project("{930C7802-8A8C-48F9-8165-68863BCCD9DD}") = "iBank.ReportServer.Installer", "iBank.ReportServer.Installer\iBank.ReportServer.Installer.wixproj", "{65359BA5-F173-42F5-B6EF-D7F66B5C13AF}"
EndProject
Project("{FAE04EC0-301F-11D3-BF4B-00C04F79EFBC}") = "iBank.BroadcastServer", "iBank.BroadcastServer\iBank.BroadcastServer.csproj", "{DFB45277-6957-49A4-A351-183560AE7373}"
EndProject
Project("{930C7802-8A8C-48F9-8165-68863BCCD9DD}") = "iBank.BroadcastServer.Installer", "iBank.BroadcastServer.Installer\iBank.BroadcastServer.Installer.wixproj", "{D5DFF65D-5854-4BC3-BA02-E5051D4D294B}"
EndProject
Project("{FAE04EC0-301F-11D3-BF4B-00C04F79EFBC}") = "iBank.BroadcastServer.QueueManager", "iBank.BroadcastServer.QueueManager\iBank.BroadcastServer.QueueManager.csproj", "{81AD4E1B-5E48-40DA-A125-5B25DDD404AB}"
EndProject
Project("{930C7802-8A8C-48F9-8165-68863BCCD9DD}") = "iBank.BroadcastServer.QueueManager.Installer", "iBank.BroadcastServer.QueueManager.Installer\iBank.BroadcastServer.QueueManager.Installer.wixproj", "{29E970FD-539D-413A-B486-D8BAD5A2BED2}"
EndProject
Project("{FAE04EC0-301F-11D3-BF4B-00C04F79EFBC}") = "Domain", "Domain\Domain.csproj", "{A1189ACA-C062-41EB-A985-22B735E830B7}"
EndProject
Project("{FAE04EC0-301F-11D3-BF4B-00C04F79EFBC}") = "iBank.Server.Utilities", "iBank.Server.Utilities\iBank.Server.Utilities.csproj", "{60903167-EAD8-4741-9031-51673DB68F11}"
EndProject
Project("{2150E333-8FDC-42A3-9474-1A3956D46DE8}") = "Installers", "Installers", "{3EB2F6BE-18D7-4FB4-B560-EB204DDD4AA2}"
EndProject
Project("{FAE04EC0-301F-11D3-BF4B-00C04F79EFBC}") = "iBank.OverdueBroadcastMonitor", "iBank.OverdueBroadcastMonitor\iBank.OverdueBroadcastMonitor.csproj", "{3870902E-E7F7-4CED-83E7-280AB4FC64D0}"
EndProject
Project("{930C7802-8A8C-48F9-8165-68863BCCD9DD}") = "iBank.OverdueBroadcastMonitor.Installer", "iBank.OverdueBroadcastMonitor.Installer\iBank.OverdueBroadcastMonitor.Installer.wixproj", "{15F63427-FE65-41DE-A47C-7DD2F177CA13}"
EndProject
Project("{FAE04EC0-301F-11D3-BF4B-00C04F79EFBC}") = "CISLogger", "CISLogger\CISLogger.csproj", "{11333BCA-8CF5-4BE2-AD2C-AE5E23F679A3}"
EndProject
Project("{FAE04EC0-301F-11D3-BF4B-00C04F79EFBC}") = "iBank.ReportTester", "iBank.ReportTester\iBank.ReportTester.csproj", "{CCCFF854-5145-43BE-B442-4BCE142B6B49}"
EndProject
Project("{FAE04EC0-301F-11D3-BF4B-00C04F79EFBC}") = "iBank.ReportQueueManager", "iBank.ReportQueueManager\iBank.ReportQueueManager.csproj", "{638EA2D3-6D32-4BBE-B6F7-F19E749AA208}"
EndProject
Project("{930C7802-8A8C-48F9-8165-68863BCCD9DD}") = "iBank.ReportQueueManager.Installer", "iBank.ReportQueueManager.Installer\iBank.ReportQueueManager.Installer.wixproj", "{568FE9D9-71CC-47AB-ABBF-DE1C4C72A6E1}"
EndProject
Project("{FAE04EC0-301F-11D3-BF4B-00C04F79EFBC}") = "Repository.Api", "Repository.Api\Repository.Api.csproj", "{E8F255D4-6981-4E2A-89E4-A1313A161523}"
EndProject
Global
	GlobalSection(SolutionConfigurationPlatforms) = preSolution
		Debug|Any CPU = Debug|Any CPU
		Debug|x64 = Debug|x64
		Keystone|Any CPU = Keystone|Any CPU
		Keystone|x64 = Keystone|x64
		Production|Any CPU = Production|Any CPU
		Production|x64 = Production|x64
		ProductionGSA|Any CPU = ProductionGSA|Any CPU
		ProductionGSA|x64 = ProductionGSA|x64
		Release|Any CPU = Release|Any CPU
		Release|x64 = Release|x64
	EndGlobalSection
	GlobalSection(ProjectConfigurationPlatforms) = postSolution
		{123A9EF3-72AD-4489-A3C0-9B61BB746990}.Debug|Any CPU.ActiveCfg = Debug|Any CPU
		{123A9EF3-72AD-4489-A3C0-9B61BB746990}.Debug|Any CPU.Build.0 = Debug|Any CPU
		{123A9EF3-72AD-4489-A3C0-9B61BB746990}.Debug|x64.ActiveCfg = Debug|x64
		{123A9EF3-72AD-4489-A3C0-9B61BB746990}.Debug|x64.Build.0 = Debug|x64
		{123A9EF3-72AD-4489-A3C0-9B61BB746990}.Keystone|Any CPU.ActiveCfg = Keystone|Any CPU
		{123A9EF3-72AD-4489-A3C0-9B61BB746990}.Keystone|Any CPU.Build.0 = Keystone|Any CPU
		{123A9EF3-72AD-4489-A3C0-9B61BB746990}.Keystone|x64.ActiveCfg = Keystone|x64
		{123A9EF3-72AD-4489-A3C0-9B61BB746990}.Keystone|x64.Build.0 = Keystone|x64
		{123A9EF3-72AD-4489-A3C0-9B61BB746990}.Production|Any CPU.ActiveCfg = Production|Any CPU
		{123A9EF3-72AD-4489-A3C0-9B61BB746990}.Production|Any CPU.Build.0 = Production|Any CPU
		{123A9EF3-72AD-4489-A3C0-9B61BB746990}.Production|x64.ActiveCfg = Production|x64
		{123A9EF3-72AD-4489-A3C0-9B61BB746990}.Production|x64.Build.0 = Production|x64
		{123A9EF3-72AD-4489-A3C0-9B61BB746990}.ProductionGSA|Any CPU.ActiveCfg = ProductionGSA|Any CPU
		{123A9EF3-72AD-4489-A3C0-9B61BB746990}.ProductionGSA|Any CPU.Build.0 = ProductionGSA|Any CPU
		{123A9EF3-72AD-4489-A3C0-9B61BB746990}.ProductionGSA|x64.ActiveCfg = ProductionGSA|x64
		{123A9EF3-72AD-4489-A3C0-9B61BB746990}.ProductionGSA|x64.Build.0 = ProductionGSA|x64
		{123A9EF3-72AD-4489-A3C0-9B61BB746990}.Release|Any CPU.ActiveCfg = Keystone|Any CPU
		{123A9EF3-72AD-4489-A3C0-9B61BB746990}.Release|Any CPU.Build.0 = Keystone|Any CPU
		{123A9EF3-72AD-4489-A3C0-9B61BB746990}.Release|x64.ActiveCfg = ProductionGSA|x64
		{123A9EF3-72AD-4489-A3C0-9B61BB746990}.Release|x64.Build.0 = ProductionGSA|x64
		{0EB58184-5A37-40BE-9454-040657F1DCFA}.Debug|Any CPU.ActiveCfg = Debug|Any CPU
		{0EB58184-5A37-40BE-9454-040657F1DCFA}.Debug|Any CPU.Build.0 = Debug|Any CPU
		{0EB58184-5A37-40BE-9454-040657F1DCFA}.Debug|x64.ActiveCfg = Debug|x64
		{0EB58184-5A37-40BE-9454-040657F1DCFA}.Keystone|Any CPU.ActiveCfg = Keystone|Any CPU
		{0EB58184-5A37-40BE-9454-040657F1DCFA}.Keystone|Any CPU.Build.0 = Keystone|Any CPU
		{0EB58184-5A37-40BE-9454-040657F1DCFA}.Keystone|x64.ActiveCfg = Keystone|x64
		{0EB58184-5A37-40BE-9454-040657F1DCFA}.Keystone|x64.Build.0 = Keystone|x64
		{0EB58184-5A37-40BE-9454-040657F1DCFA}.Production|Any CPU.ActiveCfg = Production|Any CPU
		{0EB58184-5A37-40BE-9454-040657F1DCFA}.Production|Any CPU.Build.0 = Production|Any CPU
		{0EB58184-5A37-40BE-9454-040657F1DCFA}.Production|x64.ActiveCfg = Production|x64
		{0EB58184-5A37-40BE-9454-040657F1DCFA}.Production|x64.Build.0 = Production|x64
		{0EB58184-5A37-40BE-9454-040657F1DCFA}.ProductionGSA|Any CPU.ActiveCfg = ProductionGSA|Any CPU
		{0EB58184-5A37-40BE-9454-040657F1DCFA}.ProductionGSA|Any CPU.Build.0 = ProductionGSA|Any CPU
		{0EB58184-5A37-40BE-9454-040657F1DCFA}.ProductionGSA|x64.ActiveCfg = ProductionGSA|x64
		{0EB58184-5A37-40BE-9454-040657F1DCFA}.ProductionGSA|x64.Build.0 = ProductionGSA|x64
		{0EB58184-5A37-40BE-9454-040657F1DCFA}.Release|Any CPU.ActiveCfg = Keystone|Any CPU
		{0EB58184-5A37-40BE-9454-040657F1DCFA}.Release|Any CPU.Build.0 = Keystone|Any CPU
		{0EB58184-5A37-40BE-9454-040657F1DCFA}.Release|x64.ActiveCfg = ProductionGSA|x64
		{0EB58184-5A37-40BE-9454-040657F1DCFA}.Release|x64.Build.0 = ProductionGSA|x64
		{F4391A53-DA71-4086-8112-AB8114F14739}.Debug|Any CPU.ActiveCfg = Debug|Any CPU
		{F4391A53-DA71-4086-8112-AB8114F14739}.Debug|Any CPU.Build.0 = Debug|Any CPU
		{F4391A53-DA71-4086-8112-AB8114F14739}.Debug|x64.ActiveCfg = Debug|x64
		{F4391A53-DA71-4086-8112-AB8114F14739}.Debug|x64.Build.0 = Debug|x64
		{F4391A53-DA71-4086-8112-AB8114F14739}.Keystone|Any CPU.ActiveCfg = Keystone|Any CPU
		{F4391A53-DA71-4086-8112-AB8114F14739}.Keystone|Any CPU.Build.0 = Keystone|Any CPU
		{F4391A53-DA71-4086-8112-AB8114F14739}.Keystone|x64.ActiveCfg = Keystone|x64
		{F4391A53-DA71-4086-8112-AB8114F14739}.Keystone|x64.Build.0 = Keystone|x64
		{F4391A53-DA71-4086-8112-AB8114F14739}.Production|Any CPU.ActiveCfg = Production|Any CPU
		{F4391A53-DA71-4086-8112-AB8114F14739}.Production|Any CPU.Build.0 = Production|Any CPU
		{F4391A53-DA71-4086-8112-AB8114F14739}.Production|x64.ActiveCfg = Production|x64
		{F4391A53-DA71-4086-8112-AB8114F14739}.Production|x64.Build.0 = Production|x64
		{F4391A53-DA71-4086-8112-AB8114F14739}.ProductionGSA|Any CPU.ActiveCfg = ProductionGSA|Any CPU
		{F4391A53-DA71-4086-8112-AB8114F14739}.ProductionGSA|Any CPU.Build.0 = ProductionGSA|Any CPU
		{F4391A53-DA71-4086-8112-AB8114F14739}.ProductionGSA|x64.ActiveCfg = ProductionGSA|x64
		{F4391A53-DA71-4086-8112-AB8114F14739}.ProductionGSA|x64.Build.0 = ProductionGSA|x64
		{F4391A53-DA71-4086-8112-AB8114F14739}.Release|Any CPU.ActiveCfg = Keystone|Any CPU
		{F4391A53-DA71-4086-8112-AB8114F14739}.Release|Any CPU.Build.0 = Keystone|Any CPU
		{F4391A53-DA71-4086-8112-AB8114F14739}.Release|x64.ActiveCfg = ProductionGSA|x64
		{F4391A53-DA71-4086-8112-AB8114F14739}.Release|x64.Build.0 = ProductionGSA|x64
		{92A60149-F808-4E2F-9806-49A05560F8CC}.Debug|Any CPU.ActiveCfg = Debug|Any CPU
		{92A60149-F808-4E2F-9806-49A05560F8CC}.Debug|Any CPU.Build.0 = Debug|Any CPU
		{92A60149-F808-4E2F-9806-49A05560F8CC}.Debug|x64.ActiveCfg = Debug|x64
		{92A60149-F808-4E2F-9806-49A05560F8CC}.Debug|x64.Build.0 = Debug|x64
		{92A60149-F808-4E2F-9806-49A05560F8CC}.Keystone|Any CPU.ActiveCfg = Keystone|Any CPU
		{92A60149-F808-4E2F-9806-49A05560F8CC}.Keystone|Any CPU.Build.0 = Keystone|Any CPU
		{92A60149-F808-4E2F-9806-49A05560F8CC}.Keystone|x64.ActiveCfg = Keystone|x64
		{92A60149-F808-4E2F-9806-49A05560F8CC}.Keystone|x64.Build.0 = Keystone|x64
		{92A60149-F808-4E2F-9806-49A05560F8CC}.Production|Any CPU.ActiveCfg = Production|Any CPU
		{92A60149-F808-4E2F-9806-49A05560F8CC}.Production|Any CPU.Build.0 = Production|Any CPU
		{92A60149-F808-4E2F-9806-49A05560F8CC}.Production|x64.ActiveCfg = Production|x64
		{92A60149-F808-4E2F-9806-49A05560F8CC}.Production|x64.Build.0 = Production|x64
		{92A60149-F808-4E2F-9806-49A05560F8CC}.ProductionGSA|Any CPU.ActiveCfg = ProductionGSA|Any CPU
		{92A60149-F808-4E2F-9806-49A05560F8CC}.ProductionGSA|Any CPU.Build.0 = ProductionGSA|Any CPU
		{92A60149-F808-4E2F-9806-49A05560F8CC}.ProductionGSA|x64.ActiveCfg = ProductionGSA|x64
		{92A60149-F808-4E2F-9806-49A05560F8CC}.ProductionGSA|x64.Build.0 = ProductionGSA|x64
		{92A60149-F808-4E2F-9806-49A05560F8CC}.Release|Any CPU.ActiveCfg = Keystone|Any CPU
		{92A60149-F808-4E2F-9806-49A05560F8CC}.Release|Any CPU.Build.0 = Keystone|Any CPU
		{92A60149-F808-4E2F-9806-49A05560F8CC}.Release|x64.ActiveCfg = ProductionGSA|x64
		{92A60149-F808-4E2F-9806-49A05560F8CC}.Release|x64.Build.0 = ProductionGSA|x64
		{DEA0990D-67B5-4924-B9E6-7F59735D9C90}.Debug|Any CPU.ActiveCfg = Debug|Any CPU
		{DEA0990D-67B5-4924-B9E6-7F59735D9C90}.Debug|Any CPU.Build.0 = Debug|Any CPU
		{DEA0990D-67B5-4924-B9E6-7F59735D9C90}.Debug|x64.ActiveCfg = Debug|x64
		{DEA0990D-67B5-4924-B9E6-7F59735D9C90}.Debug|x64.Build.0 = Debug|x64
		{DEA0990D-67B5-4924-B9E6-7F59735D9C90}.Keystone|Any CPU.ActiveCfg = Keystone|Any CPU
		{DEA0990D-67B5-4924-B9E6-7F59735D9C90}.Keystone|Any CPU.Build.0 = Keystone|Any CPU
		{DEA0990D-67B5-4924-B9E6-7F59735D9C90}.Keystone|x64.ActiveCfg = Keystone|x64
		{DEA0990D-67B5-4924-B9E6-7F59735D9C90}.Keystone|x64.Build.0 = Keystone|x64
		{DEA0990D-67B5-4924-B9E6-7F59735D9C90}.Production|Any CPU.ActiveCfg = Production|Any CPU
		{DEA0990D-67B5-4924-B9E6-7F59735D9C90}.Production|Any CPU.Build.0 = Production|Any CPU
		{DEA0990D-67B5-4924-B9E6-7F59735D9C90}.Production|x64.ActiveCfg = Production|x64
		{DEA0990D-67B5-4924-B9E6-7F59735D9C90}.Production|x64.Build.0 = Production|x64
		{DEA0990D-67B5-4924-B9E6-7F59735D9C90}.ProductionGSA|Any CPU.ActiveCfg = ProductionGSA|Any CPU
		{DEA0990D-67B5-4924-B9E6-7F59735D9C90}.ProductionGSA|Any CPU.Build.0 = ProductionGSA|Any CPU
		{DEA0990D-67B5-4924-B9E6-7F59735D9C90}.ProductionGSA|x64.ActiveCfg = ProductionGSA|x64
		{DEA0990D-67B5-4924-B9E6-7F59735D9C90}.ProductionGSA|x64.Build.0 = ProductionGSA|x64
		{DEA0990D-67B5-4924-B9E6-7F59735D9C90}.Release|Any CPU.ActiveCfg = Keystone|Any CPU
		{DEA0990D-67B5-4924-B9E6-7F59735D9C90}.Release|Any CPU.Build.0 = Keystone|Any CPU
		{DEA0990D-67B5-4924-B9E6-7F59735D9C90}.Release|x64.ActiveCfg = ProductionGSA|x64
		{DEA0990D-67B5-4924-B9E6-7F59735D9C90}.Release|x64.Build.0 = ProductionGSA|x64
		{65359BA5-F173-42F5-B6EF-D7F66B5C13AF}.Debug|Any CPU.ActiveCfg = Debug|x64
		{65359BA5-F173-42F5-B6EF-D7F66B5C13AF}.Debug|x64.ActiveCfg = Debug|x64
		{65359BA5-F173-42F5-B6EF-D7F66B5C13AF}.Keystone|Any CPU.ActiveCfg = Keystone|x64
		{65359BA5-F173-42F5-B6EF-D7F66B5C13AF}.Keystone|x64.ActiveCfg = Keystone|x64
		{65359BA5-F173-42F5-B6EF-D7F66B5C13AF}.Production|Any CPU.ActiveCfg = Production|x64
		{65359BA5-F173-42F5-B6EF-D7F66B5C13AF}.Production|x64.ActiveCfg = Production|x64
		{65359BA5-F173-42F5-B6EF-D7F66B5C13AF}.ProductionGSA|Any CPU.ActiveCfg = ProductionGSA|x64
		{65359BA5-F173-42F5-B6EF-D7F66B5C13AF}.ProductionGSA|x64.ActiveCfg = ProductionGSA|x64
		{65359BA5-F173-42F5-B6EF-D7F66B5C13AF}.Release|Any CPU.ActiveCfg = Release|x64
		{65359BA5-F173-42F5-B6EF-D7F66B5C13AF}.Release|x64.ActiveCfg = Release|x64
		{65359BA5-F173-42F5-B6EF-D7F66B5C13AF}.Release|x64.Build.0 = Release|x64
		{DFB45277-6957-49A4-A351-183560AE7373}.Debug|Any CPU.ActiveCfg = Debug|Any CPU
		{DFB45277-6957-49A4-A351-183560AE7373}.Debug|Any CPU.Build.0 = Debug|Any CPU
		{DFB45277-6957-49A4-A351-183560AE7373}.Debug|x64.ActiveCfg = Debug|x64
		{DFB45277-6957-49A4-A351-183560AE7373}.Debug|x64.Build.0 = Debug|x64
		{DFB45277-6957-49A4-A351-183560AE7373}.Keystone|Any CPU.ActiveCfg = Keystone|Any CPU
		{DFB45277-6957-49A4-A351-183560AE7373}.Keystone|Any CPU.Build.0 = Keystone|Any CPU
		{DFB45277-6957-49A4-A351-183560AE7373}.Keystone|x64.ActiveCfg = Keystone|x64
		{DFB45277-6957-49A4-A351-183560AE7373}.Keystone|x64.Build.0 = Keystone|x64
		{DFB45277-6957-49A4-A351-183560AE7373}.Production|Any CPU.ActiveCfg = Production|Any CPU
		{DFB45277-6957-49A4-A351-183560AE7373}.Production|Any CPU.Build.0 = Production|Any CPU
		{DFB45277-6957-49A4-A351-183560AE7373}.Production|x64.ActiveCfg = Production|x64
		{DFB45277-6957-49A4-A351-183560AE7373}.Production|x64.Build.0 = Production|x64
		{DFB45277-6957-49A4-A351-183560AE7373}.ProductionGSA|Any CPU.ActiveCfg = ProductionGSA|Any CPU
		{DFB45277-6957-49A4-A351-183560AE7373}.ProductionGSA|Any CPU.Build.0 = ProductionGSA|Any CPU
		{DFB45277-6957-49A4-A351-183560AE7373}.ProductionGSA|x64.ActiveCfg = ProductionGSA|x64
		{DFB45277-6957-49A4-A351-183560AE7373}.ProductionGSA|x64.Build.0 = ProductionGSA|x64
		{DFB45277-6957-49A4-A351-183560AE7373}.Release|Any CPU.ActiveCfg = Keystone|Any CPU
		{DFB45277-6957-49A4-A351-183560AE7373}.Release|Any CPU.Build.0 = Keystone|Any CPU
		{DFB45277-6957-49A4-A351-183560AE7373}.Release|x64.ActiveCfg = ProductionGSA|x64
		{DFB45277-6957-49A4-A351-183560AE7373}.Release|x64.Build.0 = ProductionGSA|x64
		{D5DFF65D-5854-4BC3-BA02-E5051D4D294B}.Debug|Any CPU.ActiveCfg = Debug|x64
		{D5DFF65D-5854-4BC3-BA02-E5051D4D294B}.Debug|x64.ActiveCfg = Debug|x64
		{D5DFF65D-5854-4BC3-BA02-E5051D4D294B}.Keystone|Any CPU.ActiveCfg = Keystone|x64
		{D5DFF65D-5854-4BC3-BA02-E5051D4D294B}.Keystone|x64.ActiveCfg = Keystone|x64
		{D5DFF65D-5854-4BC3-BA02-E5051D4D294B}.Production|Any CPU.ActiveCfg = Production|x64
		{D5DFF65D-5854-4BC3-BA02-E5051D4D294B}.Production|x64.ActiveCfg = Production|x64
		{D5DFF65D-5854-4BC3-BA02-E5051D4D294B}.ProductionGSA|Any CPU.ActiveCfg = ProductionGSA|x64
		{D5DFF65D-5854-4BC3-BA02-E5051D4D294B}.ProductionGSA|x64.ActiveCfg = ProductionGSA|x64
		{D5DFF65D-5854-4BC3-BA02-E5051D4D294B}.Release|Any CPU.ActiveCfg = ProductionGSA|x64
		{D5DFF65D-5854-4BC3-BA02-E5051D4D294B}.Release|Any CPU.Build.0 = ProductionGSA|x64
		{D5DFF65D-5854-4BC3-BA02-E5051D4D294B}.Release|x64.ActiveCfg = ProductionGSA|x64
		{D5DFF65D-5854-4BC3-BA02-E5051D4D294B}.Release|x64.Build.0 = ProductionGSA|x64
		{81AD4E1B-5E48-40DA-A125-5B25DDD404AB}.Debug|Any CPU.ActiveCfg = Debug|Any CPU
		{81AD4E1B-5E48-40DA-A125-5B25DDD404AB}.Debug|Any CPU.Build.0 = Debug|Any CPU
		{81AD4E1B-5E48-40DA-A125-5B25DDD404AB}.Debug|x64.ActiveCfg = Debug|x64
		{81AD4E1B-5E48-40DA-A125-5B25DDD404AB}.Debug|x64.Build.0 = Debug|x64
		{81AD4E1B-5E48-40DA-A125-5B25DDD404AB}.Keystone|Any CPU.ActiveCfg = Keystone|Any CPU
		{81AD4E1B-5E48-40DA-A125-5B25DDD404AB}.Keystone|Any CPU.Build.0 = Keystone|Any CPU
		{81AD4E1B-5E48-40DA-A125-5B25DDD404AB}.Keystone|x64.ActiveCfg = Keystone|x64
		{81AD4E1B-5E48-40DA-A125-5B25DDD404AB}.Keystone|x64.Build.0 = Keystone|x64
		{81AD4E1B-5E48-40DA-A125-5B25DDD404AB}.Production|Any CPU.ActiveCfg = Production|Any CPU
		{81AD4E1B-5E48-40DA-A125-5B25DDD404AB}.Production|Any CPU.Build.0 = Production|Any CPU
		{81AD4E1B-5E48-40DA-A125-5B25DDD404AB}.Production|x64.ActiveCfg = Production|x64
		{81AD4E1B-5E48-40DA-A125-5B25DDD404AB}.Production|x64.Build.0 = Production|x64
		{81AD4E1B-5E48-40DA-A125-5B25DDD404AB}.ProductionGSA|Any CPU.ActiveCfg = ProductionGSA|Any CPU
		{81AD4E1B-5E48-40DA-A125-5B25DDD404AB}.ProductionGSA|Any CPU.Build.0 = ProductionGSA|Any CPU
		{81AD4E1B-5E48-40DA-A125-5B25DDD404AB}.ProductionGSA|x64.ActiveCfg = ProductionGSA|x64
		{81AD4E1B-5E48-40DA-A125-5B25DDD404AB}.ProductionGSA|x64.Build.0 = ProductionGSA|x64
		{81AD4E1B-5E48-40DA-A125-5B25DDD404AB}.Release|Any CPU.ActiveCfg = Keystone|Any CPU
		{81AD4E1B-5E48-40DA-A125-5B25DDD404AB}.Release|Any CPU.Build.0 = Keystone|Any CPU
		{81AD4E1B-5E48-40DA-A125-5B25DDD404AB}.Release|x64.ActiveCfg = ProductionGSA|x64
		{81AD4E1B-5E48-40DA-A125-5B25DDD404AB}.Release|x64.Build.0 = ProductionGSA|x64
		{29E970FD-539D-413A-B486-D8BAD5A2BED2}.Debug|Any CPU.ActiveCfg = Debug|x64
		{29E970FD-539D-413A-B486-D8BAD5A2BED2}.Debug|x64.ActiveCfg = Debug|x64
		{29E970FD-539D-413A-B486-D8BAD5A2BED2}.Keystone|Any CPU.ActiveCfg = Keystone|x64
		{29E970FD-539D-413A-B486-D8BAD5A2BED2}.Keystone|x64.ActiveCfg = Keystone|x64
		{29E970FD-539D-413A-B486-D8BAD5A2BED2}.Production|Any CPU.ActiveCfg = Production|x64
		{29E970FD-539D-413A-B486-D8BAD5A2BED2}.Production|x64.ActiveCfg = Production|x64
		{29E970FD-539D-413A-B486-D8BAD5A2BED2}.ProductionGSA|Any CPU.ActiveCfg = ProductionGSA|x64
		{29E970FD-539D-413A-B486-D8BAD5A2BED2}.ProductionGSA|x64.ActiveCfg = ProductionGSA|x64
		{29E970FD-539D-413A-B486-D8BAD5A2BED2}.Release|Any CPU.ActiveCfg = Release|x64
		{29E970FD-539D-413A-B486-D8BAD5A2BED2}.Release|x64.ActiveCfg = Release|x64
		{29E970FD-539D-413A-B486-D8BAD5A2BED2}.Release|x64.Build.0 = Release|x64
		{A1189ACA-C062-41EB-A985-22B735E830B7}.Debug|Any CPU.ActiveCfg = Debug|Any CPU
		{A1189ACA-C062-41EB-A985-22B735E830B7}.Debug|Any CPU.Build.0 = Debug|Any CPU
		{A1189ACA-C062-41EB-A985-22B735E830B7}.Debug|x64.ActiveCfg = Debug|x64
		{A1189ACA-C062-41EB-A985-22B735E830B7}.Debug|x64.Build.0 = Debug|x64
		{A1189ACA-C062-41EB-A985-22B735E830B7}.Keystone|Any CPU.ActiveCfg = Keystone|Any CPU
		{A1189ACA-C062-41EB-A985-22B735E830B7}.Keystone|Any CPU.Build.0 = Keystone|Any CPU
		{A1189ACA-C062-41EB-A985-22B735E830B7}.Keystone|x64.ActiveCfg = Keystone|x64
		{A1189ACA-C062-41EB-A985-22B735E830B7}.Keystone|x64.Build.0 = Keystone|x64
		{A1189ACA-C062-41EB-A985-22B735E830B7}.Production|Any CPU.ActiveCfg = Production|Any CPU
		{A1189ACA-C062-41EB-A985-22B735E830B7}.Production|Any CPU.Build.0 = Production|Any CPU
		{A1189ACA-C062-41EB-A985-22B735E830B7}.Production|x64.ActiveCfg = Production|x64
		{A1189ACA-C062-41EB-A985-22B735E830B7}.Production|x64.Build.0 = Production|x64
		{A1189ACA-C062-41EB-A985-22B735E830B7}.ProductionGSA|Any CPU.ActiveCfg = ProductionGSA|Any CPU
		{A1189ACA-C062-41EB-A985-22B735E830B7}.ProductionGSA|Any CPU.Build.0 = ProductionGSA|Any CPU
		{A1189ACA-C062-41EB-A985-22B735E830B7}.ProductionGSA|x64.ActiveCfg = ProductionGSA|x64
		{A1189ACA-C062-41EB-A985-22B735E830B7}.ProductionGSA|x64.Build.0 = ProductionGSA|x64
		{A1189ACA-C062-41EB-A985-22B735E830B7}.Release|Any CPU.ActiveCfg = Keystone|Any CPU
		{A1189ACA-C062-41EB-A985-22B735E830B7}.Release|Any CPU.Build.0 = Keystone|Any CPU
		{A1189ACA-C062-41EB-A985-22B735E830B7}.Release|x64.ActiveCfg = ProductionGSA|x64
		{A1189ACA-C062-41EB-A985-22B735E830B7}.Release|x64.Build.0 = ProductionGSA|x64
		{60903167-EAD8-4741-9031-51673DB68F11}.Debug|Any CPU.ActiveCfg = Debug|Any CPU
		{60903167-EAD8-4741-9031-51673DB68F11}.Debug|Any CPU.Build.0 = Debug|Any CPU
		{60903167-EAD8-4741-9031-51673DB68F11}.Debug|x64.ActiveCfg = Debug|x64
		{60903167-EAD8-4741-9031-51673DB68F11}.Debug|x64.Build.0 = Debug|x64
		{60903167-EAD8-4741-9031-51673DB68F11}.Keystone|Any CPU.ActiveCfg = Keystone|Any CPU
		{60903167-EAD8-4741-9031-51673DB68F11}.Keystone|Any CPU.Build.0 = Keystone|Any CPU
		{60903167-EAD8-4741-9031-51673DB68F11}.Keystone|x64.ActiveCfg = Keystone|x64
		{60903167-EAD8-4741-9031-51673DB68F11}.Keystone|x64.Build.0 = Keystone|x64
		{60903167-EAD8-4741-9031-51673DB68F11}.Production|Any CPU.ActiveCfg = Production|Any CPU
		{60903167-EAD8-4741-9031-51673DB68F11}.Production|Any CPU.Build.0 = Production|Any CPU
		{60903167-EAD8-4741-9031-51673DB68F11}.Production|x64.ActiveCfg = Production|x64
		{60903167-EAD8-4741-9031-51673DB68F11}.Production|x64.Build.0 = Production|x64
		{60903167-EAD8-4741-9031-51673DB68F11}.ProductionGSA|Any CPU.ActiveCfg = ProductionGSA|Any CPU
		{60903167-EAD8-4741-9031-51673DB68F11}.ProductionGSA|Any CPU.Build.0 = ProductionGSA|Any CPU
		{60903167-EAD8-4741-9031-51673DB68F11}.ProductionGSA|x64.ActiveCfg = ProductionGSA|x64
		{60903167-EAD8-4741-9031-51673DB68F11}.ProductionGSA|x64.Build.0 = ProductionGSA|x64
		{60903167-EAD8-4741-9031-51673DB68F11}.Release|Any CPU.ActiveCfg = Keystone|Any CPU
		{60903167-EAD8-4741-9031-51673DB68F11}.Release|Any CPU.Build.0 = Keystone|Any CPU
		{60903167-EAD8-4741-9031-51673DB68F11}.Release|x64.ActiveCfg = ProductionGSA|x64
		{60903167-EAD8-4741-9031-51673DB68F11}.Release|x64.Build.0 = ProductionGSA|x64
		{3870902E-E7F7-4CED-83E7-280AB4FC64D0}.Debug|Any CPU.ActiveCfg = Debug|Any CPU
		{3870902E-E7F7-4CED-83E7-280AB4FC64D0}.Debug|Any CPU.Build.0 = Debug|Any CPU
		{3870902E-E7F7-4CED-83E7-280AB4FC64D0}.Debug|x64.ActiveCfg = Debug|x64
		{3870902E-E7F7-4CED-83E7-280AB4FC64D0}.Debug|x64.Build.0 = Debug|x64
		{3870902E-E7F7-4CED-83E7-280AB4FC64D0}.Keystone|Any CPU.ActiveCfg = Keystone|Any CPU
		{3870902E-E7F7-4CED-83E7-280AB4FC64D0}.Keystone|Any CPU.Build.0 = Keystone|Any CPU
		{3870902E-E7F7-4CED-83E7-280AB4FC64D0}.Keystone|x64.ActiveCfg = Keystone|x64
		{3870902E-E7F7-4CED-83E7-280AB4FC64D0}.Keystone|x64.Build.0 = Keystone|x64
		{3870902E-E7F7-4CED-83E7-280AB4FC64D0}.Production|Any CPU.ActiveCfg = Production|Any CPU
		{3870902E-E7F7-4CED-83E7-280AB4FC64D0}.Production|Any CPU.Build.0 = Production|Any CPU
		{3870902E-E7F7-4CED-83E7-280AB4FC64D0}.Production|x64.ActiveCfg = Production|x64
		{3870902E-E7F7-4CED-83E7-280AB4FC64D0}.Production|x64.Build.0 = Production|x64
		{3870902E-E7F7-4CED-83E7-280AB4FC64D0}.ProductionGSA|Any CPU.ActiveCfg = ProductionGSA|Any CPU
		{3870902E-E7F7-4CED-83E7-280AB4FC64D0}.ProductionGSA|Any CPU.Build.0 = ProductionGSA|Any CPU
		{3870902E-E7F7-4CED-83E7-280AB4FC64D0}.ProductionGSA|x64.ActiveCfg = ProductionGSA|x64
		{3870902E-E7F7-4CED-83E7-280AB4FC64D0}.ProductionGSA|x64.Build.0 = ProductionGSA|x64
		{3870902E-E7F7-4CED-83E7-280AB4FC64D0}.Release|Any CPU.ActiveCfg = Keystone|Any CPU
		{3870902E-E7F7-4CED-83E7-280AB4FC64D0}.Release|Any CPU.Build.0 = Keystone|Any CPU
		{3870902E-E7F7-4CED-83E7-280AB4FC64D0}.Release|x64.ActiveCfg = ProductionGSA|x64
		{3870902E-E7F7-4CED-83E7-280AB4FC64D0}.Release|x64.Build.0 = ProductionGSA|x64
		{15F63427-FE65-41DE-A47C-7DD2F177CA13}.Debug|Any CPU.ActiveCfg = Debug|x86
		{15F63427-FE65-41DE-A47C-7DD2F177CA13}.Debug|x64.ActiveCfg = Debug|x64
		{15F63427-FE65-41DE-A47C-7DD2F177CA13}.Keystone|Any CPU.ActiveCfg = Keystone|x86
		{15F63427-FE65-41DE-A47C-7DD2F177CA13}.Keystone|x64.ActiveCfg = Keystone|x64
		{15F63427-FE65-41DE-A47C-7DD2F177CA13}.Production|Any CPU.ActiveCfg = Production|x86
		{15F63427-FE65-41DE-A47C-7DD2F177CA13}.Production|x64.ActiveCfg = Production|x64
		{15F63427-FE65-41DE-A47C-7DD2F177CA13}.ProductionGSA|Any CPU.ActiveCfg = ProductionGSA|x86
		{15F63427-FE65-41DE-A47C-7DD2F177CA13}.ProductionGSA|x64.ActiveCfg = ProductionGSA|x64
		{15F63427-FE65-41DE-A47C-7DD2F177CA13}.Release|Any CPU.ActiveCfg = Release|x86
		{15F63427-FE65-41DE-A47C-7DD2F177CA13}.Release|x64.ActiveCfg = Release|x64
		{15F63427-FE65-41DE-A47C-7DD2F177CA13}.Release|x64.Build.0 = Release|x64
		{11333BCA-8CF5-4BE2-AD2C-AE5E23F679A3}.Debug|Any CPU.ActiveCfg = Debug|Any CPU
		{11333BCA-8CF5-4BE2-AD2C-AE5E23F679A3}.Debug|Any CPU.Build.0 = Debug|Any CPU
		{11333BCA-8CF5-4BE2-AD2C-AE5E23F679A3}.Debug|x64.ActiveCfg = Debug|x64
		{11333BCA-8CF5-4BE2-AD2C-AE5E23F679A3}.Debug|x64.Build.0 = Debug|x64
		{11333BCA-8CF5-4BE2-AD2C-AE5E23F679A3}.Keystone|Any CPU.ActiveCfg = Keystone|Any CPU
		{11333BCA-8CF5-4BE2-AD2C-AE5E23F679A3}.Keystone|Any CPU.Build.0 = Keystone|Any CPU
		{11333BCA-8CF5-4BE2-AD2C-AE5E23F679A3}.Keystone|x64.ActiveCfg = Keystone|x64
		{11333BCA-8CF5-4BE2-AD2C-AE5E23F679A3}.Keystone|x64.Build.0 = Keystone|x64
		{11333BCA-8CF5-4BE2-AD2C-AE5E23F679A3}.Production|Any CPU.ActiveCfg = Production|Any CPU
		{11333BCA-8CF5-4BE2-AD2C-AE5E23F679A3}.Production|Any CPU.Build.0 = Production|Any CPU
		{11333BCA-8CF5-4BE2-AD2C-AE5E23F679A3}.Production|x64.ActiveCfg = Production|x64
		{11333BCA-8CF5-4BE2-AD2C-AE5E23F679A3}.Production|x64.Build.0 = Production|x64
		{11333BCA-8CF5-4BE2-AD2C-AE5E23F679A3}.ProductionGSA|Any CPU.ActiveCfg = ProductionGSA|Any CPU
		{11333BCA-8CF5-4BE2-AD2C-AE5E23F679A3}.ProductionGSA|Any CPU.Build.0 = ProductionGSA|Any CPU
		{11333BCA-8CF5-4BE2-AD2C-AE5E23F679A3}.ProductionGSA|x64.ActiveCfg = ProductionGSA|x64
		{11333BCA-8CF5-4BE2-AD2C-AE5E23F679A3}.ProductionGSA|x64.Build.0 = ProductionGSA|x64
		{11333BCA-8CF5-4BE2-AD2C-AE5E23F679A3}.Release|Any CPU.ActiveCfg = Keystone|Any CPU
		{11333BCA-8CF5-4BE2-AD2C-AE5E23F679A3}.Release|Any CPU.Build.0 = Keystone|Any CPU
		{11333BCA-8CF5-4BE2-AD2C-AE5E23F679A3}.Release|x64.ActiveCfg = ProductionGSA|x64
		{11333BCA-8CF5-4BE2-AD2C-AE5E23F679A3}.Release|x64.Build.0 = ProductionGSA|x64
		{CCCFF854-5145-43BE-B442-4BCE142B6B49}.Debug|Any CPU.ActiveCfg = Debug|x64
		{CCCFF854-5145-43BE-B442-4BCE142B6B49}.Debug|x64.ActiveCfg = Debug|x64
		{CCCFF854-5145-43BE-B442-4BCE142B6B49}.Debug|x64.Build.0 = Debug|x64
		{CCCFF854-5145-43BE-B442-4BCE142B6B49}.Keystone|Any CPU.ActiveCfg = Keystone|x64
		{CCCFF854-5145-43BE-B442-4BCE142B6B49}.Keystone|x64.ActiveCfg = Keystone|x64
		{CCCFF854-5145-43BE-B442-4BCE142B6B49}.Keystone|x64.Build.0 = Keystone|x64
		{CCCFF854-5145-43BE-B442-4BCE142B6B49}.Production|Any CPU.ActiveCfg = Production|x64
		{CCCFF854-5145-43BE-B442-4BCE142B6B49}.Production|x64.ActiveCfg = Production|x64
		{CCCFF854-5145-43BE-B442-4BCE142B6B49}.ProductionGSA|Any CPU.ActiveCfg = ProductionGSA|x64
		{CCCFF854-5145-43BE-B442-4BCE142B6B49}.ProductionGSA|x64.ActiveCfg = ProductionGSA|x64
		{CCCFF854-5145-43BE-B442-4BCE142B6B49}.Release|Any CPU.ActiveCfg = Release|x64
		{CCCFF854-5145-43BE-B442-4BCE142B6B49}.Release|x64.ActiveCfg = Release|x64
		{CCCFF854-5145-43BE-B442-4BCE142B6B49}.Release|x64.Build.0 = Release|x64
		{638EA2D3-6D32-4BBE-B6F7-F19E749AA208}.Debug|Any CPU.ActiveCfg = Debug|Any CPU
		{638EA2D3-6D32-4BBE-B6F7-F19E749AA208}.Debug|Any CPU.Build.0 = Debug|Any CPU
		{638EA2D3-6D32-4BBE-B6F7-F19E749AA208}.Debug|x64.ActiveCfg = Debug|x64
		{638EA2D3-6D32-4BBE-B6F7-F19E749AA208}.Debug|x64.Build.0 = Debug|x64
		{638EA2D3-6D32-4BBE-B6F7-F19E749AA208}.Keystone|Any CPU.ActiveCfg = Keystone|Any CPU
		{638EA2D3-6D32-4BBE-B6F7-F19E749AA208}.Keystone|Any CPU.Build.0 = Keystone|Any CPU
		{638EA2D3-6D32-4BBE-B6F7-F19E749AA208}.Keystone|x64.ActiveCfg = Keystone|x64
		{638EA2D3-6D32-4BBE-B6F7-F19E749AA208}.Keystone|x64.Build.0 = Keystone|x64
		{638EA2D3-6D32-4BBE-B6F7-F19E749AA208}.Production|Any CPU.ActiveCfg = Production|Any CPU
		{638EA2D3-6D32-4BBE-B6F7-F19E749AA208}.Production|Any CPU.Build.0 = Production|Any CPU
		{638EA2D3-6D32-4BBE-B6F7-F19E749AA208}.Production|x64.ActiveCfg = Production|x64
		{638EA2D3-6D32-4BBE-B6F7-F19E749AA208}.Production|x64.Build.0 = Production|x64
		{638EA2D3-6D32-4BBE-B6F7-F19E749AA208}.ProductionGSA|Any CPU.ActiveCfg = ProductionGSA|Any CPU
		{638EA2D3-6D32-4BBE-B6F7-F19E749AA208}.ProductionGSA|Any CPU.Build.0 = ProductionGSA|Any CPU
		{638EA2D3-6D32-4BBE-B6F7-F19E749AA208}.ProductionGSA|x64.ActiveCfg = ProductionGSA|x64
		{638EA2D3-6D32-4BBE-B6F7-F19E749AA208}.ProductionGSA|x64.Build.0 = ProductionGSA|x64
		{638EA2D3-6D32-4BBE-B6F7-F19E749AA208}.Release|Any CPU.ActiveCfg = ProductionGSA|Any CPU
		{638EA2D3-6D32-4BBE-B6F7-F19E749AA208}.Release|Any CPU.Build.0 = ProductionGSA|Any CPU
		{638EA2D3-6D32-4BBE-B6F7-F19E749AA208}.Release|x64.ActiveCfg = ProductionGSA|x64
		{638EA2D3-6D32-4BBE-B6F7-F19E749AA208}.Release|x64.Build.0 = ProductionGSA|x64
		{568FE9D9-71CC-47AB-ABBF-DE1C4C72A6E1}.Debug|Any CPU.ActiveCfg = Debug|x64
		{568FE9D9-71CC-47AB-ABBF-DE1C4C72A6E1}.Debug|x64.ActiveCfg = Debug|x64
		{568FE9D9-71CC-47AB-ABBF-DE1C4C72A6E1}.Keystone|Any CPU.ActiveCfg = Keystone|x64
		{568FE9D9-71CC-47AB-ABBF-DE1C4C72A6E1}.Keystone|x64.ActiveCfg = Keystone|x64
		{568FE9D9-71CC-47AB-ABBF-DE1C4C72A6E1}.Production|Any CPU.ActiveCfg = Production|x64
		{568FE9D9-71CC-47AB-ABBF-DE1C4C72A6E1}.Production|x64.ActiveCfg = Production|x64
		{568FE9D9-71CC-47AB-ABBF-DE1C4C72A6E1}.ProductionGSA|Any CPU.ActiveCfg = ProductionGSA|x64
		{568FE9D9-71CC-47AB-ABBF-DE1C4C72A6E1}.ProductionGSA|x64.ActiveCfg = ProductionGSA|x64
		{568FE9D9-71CC-47AB-ABBF-DE1C4C72A6E1}.Release|Any CPU.ActiveCfg = ProductionGSA|x64
		{568FE9D9-71CC-47AB-ABBF-DE1C4C72A6E1}.Release|Any CPU.Build.0 = ProductionGSA|x64
		{568FE9D9-71CC-47AB-ABBF-DE1C4C72A6E1}.Release|x64.ActiveCfg = ProductionGSA|x64
		{568FE9D9-71CC-47AB-ABBF-DE1C4C72A6E1}.Release|x64.Build.0 = ProductionGSA|x64
		{E8F255D4-6981-4E2A-89E4-A1313A161523}.Debug|Any CPU.ActiveCfg = Debug|Any CPU
		{E8F255D4-6981-4E2A-89E4-A1313A161523}.Debug|Any CPU.Build.0 = Debug|Any CPU
		{E8F255D4-6981-4E2A-89E4-A1313A161523}.Debug|x64.ActiveCfg = Debug|Any CPU
		{E8F255D4-6981-4E2A-89E4-A1313A161523}.Debug|x64.Build.0 = Debug|Any CPU
		{E8F255D4-6981-4E2A-89E4-A1313A161523}.Keystone|Any CPU.ActiveCfg = Release|Any CPU
		{E8F255D4-6981-4E2A-89E4-A1313A161523}.Keystone|Any CPU.Build.0 = Release|Any CPU
		{E8F255D4-6981-4E2A-89E4-A1313A161523}.Keystone|x64.ActiveCfg = Release|Any CPU
		{E8F255D4-6981-4E2A-89E4-A1313A161523}.Keystone|x64.Build.0 = Release|Any CPU
		{E8F255D4-6981-4E2A-89E4-A1313A161523}.Production|Any CPU.ActiveCfg = Release|Any CPU
		{E8F255D4-6981-4E2A-89E4-A1313A161523}.Production|Any CPU.Build.0 = Release|Any CPU
		{E8F255D4-6981-4E2A-89E4-A1313A161523}.Production|x64.ActiveCfg = Release|Any CPU
		{E8F255D4-6981-4E2A-89E4-A1313A161523}.Production|x64.Build.0 = Release|Any CPU
		{E8F255D4-6981-4E2A-89E4-A1313A161523}.ProductionGSA|Any CPU.ActiveCfg = Release|Any CPU
		{E8F255D4-6981-4E2A-89E4-A1313A161523}.ProductionGSA|Any CPU.Build.0 = Release|Any CPU
		{E8F255D4-6981-4E2A-89E4-A1313A161523}.ProductionGSA|x64.ActiveCfg = Release|Any CPU
		{E8F255D4-6981-4E2A-89E4-A1313A161523}.ProductionGSA|x64.Build.0 = Release|Any CPU
		{E8F255D4-6981-4E2A-89E4-A1313A161523}.Release|Any CPU.ActiveCfg = Release|Any CPU
		{E8F255D4-6981-4E2A-89E4-A1313A161523}.Release|Any CPU.Build.0 = Release|Any CPU
		{E8F255D4-6981-4E2A-89E4-A1313A161523}.Release|x64.ActiveCfg = Release|Any CPU
		{E8F255D4-6981-4E2A-89E4-A1313A161523}.Release|x64.Build.0 = Release|Any CPU
	EndGlobalSection
	GlobalSection(SolutionProperties) = preSolution
		HideSolutionNode = FALSE
	EndGlobalSection
	GlobalSection(NestedProjects) = preSolution
		{123A9EF3-72AD-4489-A3C0-9B61BB746990} = {D2F04E86-0C7A-4FD9-B0CF-3AD0863A97D3}
		{92A60149-F808-4E2F-9806-49A05560F8CC} = {AA1FA866-FC29-4C89-B64B-406E205E8184}
		{DEA0990D-67B5-4924-B9E6-7F59735D9C90} = {D2F04E86-0C7A-4FD9-B0CF-3AD0863A97D3}
		{65359BA5-F173-42F5-B6EF-D7F66B5C13AF} = {3EB2F6BE-18D7-4FB4-B560-EB204DDD4AA2}
		{D5DFF65D-5854-4BC3-BA02-E5051D4D294B} = {3EB2F6BE-18D7-4FB4-B560-EB204DDD4AA2}
		{29E970FD-539D-413A-B486-D8BAD5A2BED2} = {3EB2F6BE-18D7-4FB4-B560-EB204DDD4AA2}
		{15F63427-FE65-41DE-A47C-7DD2F177CA13} = {3EB2F6BE-18D7-4FB4-B560-EB204DDD4AA2}
		{CCCFF854-5145-43BE-B442-4BCE142B6B49} = {AA1FA866-FC29-4C89-B64B-406E205E8184}
		{568FE9D9-71CC-47AB-ABBF-DE1C4C72A6E1} = {3EB2F6BE-18D7-4FB4-B560-EB204DDD4AA2}
	EndGlobalSection
	GlobalSection(ExtensibilityGlobals) = postSolution
		SolutionGuid = {49679CD9-080F-4FBC-9AB7-431B77B82B65}
	EndGlobalSection
	GlobalSection(TeamFoundationVersionControl) = preSolution
		SccNumberOfProjects = 20
		SccEnterpriseProvider = {4CA58AB2-18FA-4F8D-95D4-32DDF27D184C}
		SccTeamFoundationServer = https://ciswired.visualstudio.com/defaultcollection
		SccLocalPath0 = .
		SccProjectUniqueName1 = iBank.Services.Implementation\\iBank.Services.Implementation.csproj
		SccProjectTopLevelParentUniqueName1 = iBank.Reporting.sln
		SccProjectName1 = iBank.Services.Implementation
		SccLocalPath1 = iBank.Services.Implementation
		SccProjectUniqueName2 = _ExternalComponents\\_ExternalComponents.csproj
		SccProjectName2 = _ExternalComponents
		SccLocalPath2 = _ExternalComponents
		SccProjectUniqueName3 = iBank.Client\\iBank.ReportServer.csproj
		SccProjectName3 = iBank.Client
		SccLocalPath3 = iBank.Client
		SccProjectUniqueName4 = iBank.UnitTesting\\iBank.UnitTesting.csproj
		SccProjectTopLevelParentUniqueName4 = iBank.Reporting.sln
		SccProjectName4 = iBank.UnitTesting
		SccLocalPath4 = iBank.UnitTesting
		SccProjectUniqueName5 = UserDefinedReports\\UserDefinedReports.csproj
		SccProjectTopLevelParentUniqueName5 = iBank.Reporting.sln
		SccProjectName5 = UserDefinedReports
		SccLocalPath5 = UserDefinedReports
		SccProjectUniqueName6 = iBank.ReportServer.Installer\\iBank.ReportServer.Installer.wixproj
		SccProjectTopLevelParentUniqueName6 = iBank.Reporting.sln
		SccProjectName6 = iBank.ReportServer.Installer
		SccLocalPath6 = iBank.ReportServer.Installer
		SccProjectUniqueName7 = iBank.BroadcastServer\\iBank.BroadcastServer.csproj
		SccProjectName7 = iBank.BroadcastServer
		SccLocalPath7 = iBank.BroadcastServer
		SccProjectUniqueName8 = iBank.BroadcastServer.Installer\\iBank.BroadcastServer.Installer.wixproj
		SccProjectTopLevelParentUniqueName8 = iBank.Reporting.sln
		SccProjectName8 = iBank.BroadcastServer.Installer
		SccLocalPath8 = iBank.BroadcastServer.Installer
		SccProjectUniqueName9 = iBank.BroadcastServer.QueueManager\\iBank.BroadcastServer.QueueManager.csproj
		SccProjectName9 = iBank.BroadcastServer.QueueManager
		SccLocalPath9 = iBank.BroadcastServer.QueueManager
		SccProjectUniqueName10 = iBank.BroadcastServer.QueueManager.Installer\\iBank.BroadcastServer.QueueManager.Installer.wixproj
		SccProjectTopLevelParentUniqueName10 = iBank.Reporting.sln
		SccProjectName10 = iBank.BroadcastServer.QueueManager.Installer
		SccLocalPath10 = iBank.BroadcastServer.QueueManager.Installer
		SccProjectUniqueName11 = Domain\\Domain.csproj
		SccProjectName11 = Domain
		SccLocalPath11 = Domain
		SccProjectUniqueName12 = iBank.Server.Utilities\\iBank.Server.Utilities.csproj
		SccProjectName12 = iBank.Server.Utilities
		SccLocalPath12 = iBank.Server.Utilities
		SccProjectUniqueName13 = iBank.OverdueBroadcastMonitor\\iBank.OverdueBroadcastMonitor.csproj
		SccProjectName13 = iBank.OverdueBroadcastMonitor
		SccLocalPath13 = iBank.OverdueBroadcastMonitor
		SccProjectUniqueName14 = iBank.OverdueBroadcastMonitor.Installer\\iBank.OverdueBroadcastMonitor.Installer.wixproj
		SccProjectTopLevelParentUniqueName14 = iBank.Reporting.sln
		SccProjectName14 = iBank.OverdueBroadcastMonitor.Installer
		SccLocalPath14 = iBank.OverdueBroadcastMonitor.Installer
		SccProjectUniqueName15 = CISLogger\\CISLogger.csproj
		SccProjectName15 = CISLogger
		SccLocalPath15 = CISLogger
		SccProjectUniqueName16 = iBank.ReportTester\\iBank.ReportTester.csproj
		SccProjectTopLevelParentUniqueName16 = iBank.Reporting.sln
		SccProjectName16 = iBank.ReportTester
		SccLocalPath16 = iBank.ReportTester
		SccProjectUniqueName17 = iBank.ReportQueueManager\\iBank.ReportQueueManager.csproj
		SccProjectName17 = iBank.ReportQueueManager
		SccLocalPath17 = iBank.ReportQueueManager
		SccProjectUniqueName18 = iBank.ReportQueueManager.Installer\\iBank.ReportQueueManager.Installer.wixproj
		SccProjectTopLevelParentUniqueName18 = iBank.Reporting.sln
		SccProjectName18 = iBank.ReportQueueManager.Installer
		SccLocalPath18 = iBank.ReportQueueManager.Installer
		SccProjectUniqueName19 = Repository.Api\\Repository.Api.csproj
		SccProjectName19 = Repository.Api
		SccLocalPath19 = Repository.Api
	EndGlobalSection
EndGlobal
